# THIS IS AN AUTOGENERATED FILE. DO NOT EDIT THIS FILE DIRECTLY.
# yarn lockfile v1


"@jridgewell/gen-mapping@^0.3.5":
  version "0.3.8"
  resolved "https://registry.npmjs.org/@jridgewell/gen-mapping/-/gen-mapping-0.3.8.tgz"
  integrity sha512-imAbBGkb+ebQyxKgzv5Hu2nmROxoDOXHh80evxdoXNOrvAnVx7zimzc1Oo5h9RlfV4vPXaE2iM5pOFbvOCClWA==
  dependencies:
    "@jridgewell/set-array" "^1.2.1"
    "@jridgewell/sourcemap-codec" "^1.4.10"
    "@jridgewell/trace-mapping" "^0.3.24"

"@jridgewell/resolve-uri@^3.1.0":
  version "3.1.2"
  resolved "https://registry.npmjs.org/@jridgewell/resolve-uri/-/resolve-uri-3.1.2.tgz"
  integrity sha512-bRISgCIjP20/tbWSPWMEi54QVPRZExkuD9lJL+UIxUKtwVJA8wW1Trb1jMs1RFXo1CBTNZ/5hpC9QvmKWdopKw==

"@jridgewell/set-array@^1.2.1":
  version "1.2.1"
  resolved "https://registry.npmjs.org/@jridgewell/set-array/-/set-array-1.2.1.tgz"
  integrity sha512-R8gLRTZeyp03ymzP/6Lil/28tGeGEzhx1q2k703KGWRAI1VdvPIXdG70VJc2pAMw3NA6JKL5hhFu1sJX0Mnn/A==

"@jridgewell/source-map@^0.3.3":
  version "0.3.6"
  resolved "https://registry.npmjs.org/@jridgewell/source-map/-/source-map-0.3.6.tgz"
  integrity sha512-1ZJTZebgqllO79ue2bm3rIGud/bOe0pP5BjSRCRxxYkEZS8STV7zN84UBbiYu7jy+eCKSnVIUgoWWE/tt+shMQ==
  dependencies:
    "@jridgewell/gen-mapping" "^0.3.5"
    "@jridgewell/trace-mapping" "^0.3.25"

"@jridgewell/sourcemap-codec@^1.4.10", "@jridgewell/sourcemap-codec@^1.4.14":
  version "1.5.0"
  resolved "https://registry.npmjs.org/@jridgewell/sourcemap-codec/-/sourcemap-codec-1.5.0.tgz"
  integrity sha512-gv3ZRaISU3fjPAgNsriBRqGWQL6quFx04YMPW/zD8XMLsU32mhCCbfbO6KZFLjvYpCZ8zyDEgqsgf+PwPaM7GQ==

"@jridgewell/trace-mapping@^0.3.24", "@jridgewell/trace-mapping@^0.3.25":
  version "0.3.25"
  resolved "https://registry.npmjs.org/@jridgewell/trace-mapping/-/trace-mapping-0.3.25.tgz"
  integrity sha512-vNk6aEwybGtawWmy/PzwnGDOjCkLWSD2wqvjGGAgOAwCGWySYXfYoxt00IJkTF+8Lb57DwOb3Aa0o9CApepiYQ==
  dependencies:
    "@jridgewell/resolve-uri" "^3.1.0"
    "@jridgewell/sourcemap-codec" "^1.4.14"

"@rollup/plugin-node-resolve@^16.0.1":
  version "16.0.1"
  resolved "https://registry.npmjs.org/@rollup/plugin-node-resolve/-/plugin-node-resolve-16.0.1.tgz"
  integrity sha512-tk5YCxJWIG81umIvNkSod2qK5KyQW19qcBF/B78n1bjtOON6gzKoVeSzAE8yHCZEDmqkHKkxplExA8KzdJLJpA==
  dependencies:
    "@rollup/pluginutils" "^5.0.1"
    "@types/resolve" "1.20.2"
    deepmerge "^4.2.2"
    is-module "^1.0.0"
    resolve "^1.22.1"

"@rollup/plugin-terser@^0.4.4":
  version "0.4.4"
  resolved "https://registry.npmjs.org/@rollup/plugin-terser/-/plugin-terser-0.4.4.tgz"
  integrity sha512-XHeJC5Bgvs8LfukDwWZp7yeqin6ns8RTl2B9avbejt6tZqsqvVoWI7ZTQrcNsfKEDWBTnTxM8nMDkO2IFFbd0A==
  dependencies:
    serialize-javascript "^6.0.1"
    smob "^1.0.0"
    terser "^5.17.4"

"@rollup/plugin-typescript@^12.1.2":
  version "12.1.2"
  resolved "https://registry.npmjs.org/@rollup/plugin-typescript/-/plugin-typescript-12.1.2.tgz"
  integrity sha512-cdtSp154H5sv637uMr1a8OTWB0L1SWDSm1rDGiyfcGcvQ6cuTs4MDk2BVEBGysUWago4OJN4EQZqOTl/QY3Jgg==
  dependencies:
    "@rollup/pluginutils" "^5.1.0"
    resolve "^1.22.1"

"@rollup/pluginutils@^5.0.1", "@rollup/pluginutils@^5.1.0":
  version "5.1.4"
  resolved "https://registry.npmjs.org/@rollup/pluginutils/-/pluginutils-5.1.4.tgz"
  integrity sha512-USm05zrsFxYLPdWWq+K3STlWiT/3ELn3RcV5hJMghpeAIhxfsUIg6mt12CBJBInWMV4VneoV7SfGv8xIwo2qNQ==
  dependencies:
    "@types/estree" "^1.0.0"
    estree-walker "^2.0.2"
    picomatch "^4.0.2"

"@rollup/rollup-android-arm-eabi@4.36.0":
  version "4.36.0"
  resolved "https://registry.yarnpkg.com/@rollup/rollup-android-arm-eabi/-/rollup-android-arm-eabi-4.36.0.tgz#6229c36cddc172c468f53107f2b7aebe2585609b"
  integrity sha512-jgrXjjcEwN6XpZXL0HUeOVGfjXhPyxAbbhD0BlXUB+abTOpbPiN5Wb3kOT7yb+uEtATNYF5x5gIfwutmuBA26w==

"@rollup/rollup-android-arm64@4.36.0":
  version "4.36.0"
  resolved "https://registry.yarnpkg.com/@rollup/rollup-android-arm64/-/rollup-android-arm64-4.36.0.tgz#d38163692d0729bd64a026c13749ecac06f847e8"
  integrity sha512-NyfuLvdPdNUfUNeYKUwPwKsE5SXa2J6bCt2LdB/N+AxShnkpiczi3tcLJrm5mA+eqpy0HmaIY9F6XCa32N5yzg==

"@rollup/rollup-darwin-arm64@4.36.0":
  version "4.36.0"
  resolved "https://registry.yarnpkg.com/@rollup/rollup-darwin-arm64/-/rollup-darwin-arm64-4.36.0.tgz#82601b8ff81f3dbaef28017aa3d0e9709edc99c0"
  integrity sha512-JQ1Jk5G4bGrD4pWJQzWsD8I1n1mgPXq33+/vP4sk8j/z/C2siRuxZtaUA7yMTf71TCZTZl/4e1bfzwUmFb3+rw==

"@rollup/rollup-darwin-x64@4.36.0":
  version "4.36.0"
  resolved "https://registry.yarnpkg.com/@rollup/rollup-darwin-x64/-/rollup-darwin-x64-4.36.0.tgz#0e961354fb2bf26d691810ca61dc861d9a1e94b2"
  integrity sha512-6c6wMZa1lrtiRsbDziCmjE53YbTkxMYhhnWnSW8R/yqsM7a6mSJ3uAVT0t8Y/DGt7gxUWYuFM4bwWk9XCJrFKA==

"@rollup/rollup-freebsd-arm64@4.36.0":
  version "4.36.0"
  resolved "https://registry.yarnpkg.com/@rollup/rollup-freebsd-arm64/-/rollup-freebsd-arm64-4.36.0.tgz#6aee296cd6b8c39158d377c89b7e0cd0851dd7c7"
  integrity sha512-KXVsijKeJXOl8QzXTsA+sHVDsFOmMCdBRgFmBb+mfEb/7geR7+C8ypAml4fquUt14ZyVXaw2o1FWhqAfOvA4sg==

"@rollup/rollup-freebsd-x64@4.36.0":
  version "4.36.0"
  resolved "https://registry.yarnpkg.com/@rollup/rollup-freebsd-x64/-/rollup-freebsd-x64-4.36.0.tgz#432e49d93942225ac1b4d98254a6fb6ca0afcd17"
  integrity sha512-dVeWq1ebbvByI+ndz4IJcD4a09RJgRYmLccwlQ8bPd4olz3Y213uf1iwvc7ZaxNn2ab7bjc08PrtBgMu6nb4pQ==

"@rollup/rollup-linux-arm-gnueabihf@4.36.0":
  version "4.36.0"
  resolved "https://registry.yarnpkg.com/@rollup/rollup-linux-arm-gnueabihf/-/rollup-linux-arm-gnueabihf-4.36.0.tgz#a66910c6c63b46d45f239528ad5509097f8df885"
  integrity sha512-bvXVU42mOVcF4le6XSjscdXjqx8okv4n5vmwgzcmtvFdifQ5U4dXFYaCB87namDRKlUL9ybVtLQ9ztnawaSzvg==

"@rollup/rollup-linux-arm-musleabihf@4.36.0":
  version "4.36.0"
  resolved "https://registry.yarnpkg.com/@rollup/rollup-linux-arm-musleabihf/-/rollup-linux-arm-musleabihf-4.36.0.tgz#1cfadc70d44501b0a58615a460cf1b6ec8cfddf3"
  integrity sha512-JFIQrDJYrxOnyDQGYkqnNBtjDwTgbasdbUiQvcU8JmGDfValfH1lNpng+4FWlhaVIR4KPkeddYjsVVbmJYvDcg==

"@rollup/rollup-linux-arm64-gnu@4.36.0":
  version "4.36.0"
  resolved "https://registry.yarnpkg.com/@rollup/rollup-linux-arm64-gnu/-/rollup-linux-arm64-gnu-4.36.0.tgz#d32e42b25216472dfdc5cb7df6a37667766d3855"
  integrity sha512-KqjYVh3oM1bj//5X7k79PSCZ6CvaVzb7Qs7VMWS+SlWB5M8p3FqufLP9VNp4CazJ0CsPDLwVD9r3vX7Ci4J56A==

"@rollup/rollup-linux-arm64-musl@4.36.0":
  version "4.36.0"
  resolved "https://registry.yarnpkg.com/@rollup/rollup-linux-arm64-musl/-/rollup-linux-arm64-musl-4.36.0.tgz#d742917d61880941be26ff8d3352d935139188b9"
  integrity sha512-QiGnhScND+mAAtfHqeT+cB1S9yFnNQ/EwCg5yE3MzoaZZnIV0RV9O5alJAoJKX/sBONVKeZdMfO8QSaWEygMhw==

"@rollup/rollup-linux-loongarch64-gnu@4.36.0":
  version "4.36.0"
  resolved "https://registry.yarnpkg.com/@rollup/rollup-linux-loongarch64-gnu/-/rollup-linux-loongarch64-gnu-4.36.0.tgz#9ad12d1a5d3abf4ecb90fbe1a49249608cee8cbb"
  integrity sha512-1ZPyEDWF8phd4FQtTzMh8FQwqzvIjLsl6/84gzUxnMNFBtExBtpL51H67mV9xipuxl1AEAerRBgBwFNpkw8+Lg==

"@rollup/rollup-linux-powerpc64le-gnu@4.36.0":
  version "4.36.0"
  resolved "https://registry.yarnpkg.com/@rollup/rollup-linux-powerpc64le-gnu/-/rollup-linux-powerpc64le-gnu-4.36.0.tgz#c3ca6f5ce4a8b785dd450113660d9529a75fdf2a"
  integrity sha512-VMPMEIUpPFKpPI9GZMhJrtu8rxnp6mJR3ZzQPykq4xc2GmdHj3Q4cA+7avMyegXy4n1v+Qynr9fR88BmyO74tg==

"@rollup/rollup-linux-riscv64-gnu@4.36.0":
  version "4.36.0"
  resolved "https://registry.yarnpkg.com/@rollup/rollup-linux-riscv64-gnu/-/rollup-linux-riscv64-gnu-4.36.0.tgz#05eb5e71db5b5b1d1a3428265a63c5f6f8a1e4b8"
  integrity sha512-ttE6ayb/kHwNRJGYLpuAvB7SMtOeQnVXEIpMtAvx3kepFQeowVED0n1K9nAdraHUPJ5hydEMxBpIR7o4nrm8uA==

"@rollup/rollup-linux-s390x-gnu@4.36.0":
  version "4.36.0"
  resolved "https://registry.yarnpkg.com/@rollup/rollup-linux-s390x-gnu/-/rollup-linux-s390x-gnu-4.36.0.tgz#6fa895f181fa6804bc6ca27c0e9a6823355436dd"
  integrity sha512-4a5gf2jpS0AIe7uBjxDeUMNcFmaRTbNv7NxI5xOCs4lhzsVyGR/0qBXduPnoWf6dGC365saTiwag8hP1imTgag==

"@rollup/rollup-linux-x64-gnu@4.36.0":
  version "4.36.0"
  resolved "https://registry.yarnpkg.com/@rollup/rollup-linux-x64-gnu/-/rollup-linux-x64-gnu-4.36.0.tgz#d2e69f7598c71f03287b763fdbefce4163f07419"
  integrity sha512-5KtoW8UWmwFKQ96aQL3LlRXX16IMwyzMq/jSSVIIyAANiE1doaQsx/KRyhAvpHlPjPiSU/AYX/8m+lQ9VToxFQ==

"@rollup/rollup-linux-x64-musl@4.36.0":
  version "4.36.0"
  resolved "https://registry.yarnpkg.com/@rollup/rollup-linux-x64-musl/-/rollup-linux-x64-musl-4.36.0.tgz#9eb0075deaabf5d88a9dc8b61bd7bd122ac64ef9"
  integrity sha512-sycrYZPrv2ag4OCvaN5js+f01eoZ2U+RmT5as8vhxiFz+kxwlHrsxOwKPSA8WyS+Wc6Epid9QeI/IkQ9NkgYyQ==

"@rollup/rollup-win32-arm64-msvc@4.36.0":
  version "4.36.0"
  resolved "https://registry.yarnpkg.com/@rollup/rollup-win32-arm64-msvc/-/rollup-win32-arm64-msvc-4.36.0.tgz#bfda7178ed8cb8fa8786474a02eae9fc8649a74d"
  integrity sha512-qbqt4N7tokFwwSVlWDsjfoHgviS3n/vZ8LK0h1uLG9TYIRuUTJC88E1xb3LM2iqZ/WTqNQjYrtmtGmrmmawB6A==

"@rollup/rollup-win32-ia32-msvc@4.36.0":
  version "4.36.0"
  resolved "https://registry.yarnpkg.com/@rollup/rollup-win32-ia32-msvc/-/rollup-win32-ia32-msvc-4.36.0.tgz#8e12739b9c43de8f0690b280c676af3de571cee0"
  integrity sha512-t+RY0JuRamIocMuQcfwYSOkmdX9dtkr1PbhKW42AMvaDQa+jOdpUYysroTF/nuPpAaQMWp7ye+ndlmmthieJrQ==

"@rollup/rollup-win32-x64-msvc@4.36.0":
  version "4.36.0"
  resolved "https://registry.npmjs.org/@rollup/rollup-win32-x64-msvc/-/rollup-win32-x64-msvc-4.36.0.tgz"
  integrity sha512-aRXd7tRZkWLqGbChgcMMDEHjOKudo1kChb1Jt1IfR8cY/KIpgNviLeJy5FUb9IpSuQj8dU2fAYNMPW/hLKOSTw==

"@types/estree@1.0.6", "@types/estree@^1.0.0":
  version "1.0.6"
  resolved "https://registry.npmjs.org/@types/estree/-/estree-1.0.6.tgz"
  integrity sha512-AYnb1nQyY49te+VRAVgmzfcgjYS91mY5P0TKUDCLEM+gNnA+3T6rWITXRLYCpahpqSQbN5cE+gHpnPyXjHWxcw==

"@types/node@^22.13.10":
  version "22.13.10"
  resolved "https://registry.npmjs.org/@types/node/-/node-22.13.10.tgz"
  integrity sha512-I6LPUvlRH+O6VRUqYOcMudhaIdUVWfsjnZavnsraHvpBwaEyMN29ry+0UVJhImYL16xsscu0aske3yA+uPOWfw==
  dependencies:
    undici-types "~6.20.0"

"@types/resolve@1.20.2":
  version "1.20.2"
  resolved "https://registry.npmjs.org/@types/resolve/-/resolve-1.20.2.tgz"
  integrity sha512-60BCwRFOZCQhDncwQdxxeOEEkbc5dIMccYLwbxsS4TUNeVECQ/pBJ0j09mrHOl/JJvpRPGwO9SvE4nR2Nb/a4Q==

acorn@^8.8.2:
  version "8.14.1"
  resolved "https://registry.npmjs.org/acorn/-/acorn-8.14.1.tgz"
  integrity sha512-OvQ/2pUDKmgfCg++xsTX1wGxfTaszcHVcTctW4UJB4hibJx2HXxxO5UmVgyjMa+ZDsiaf5wWLXYpRWMmBI0QHg==

antlr4ng-cli@^2.0.0:
  version "2.0.0"
  resolved "https://registry.npmjs.org/antlr4ng-cli/-/antlr4ng-cli-2.0.0.tgz"
  integrity sha512-oAt5OSSYhRQn1PgahtpAP4Vp3BApCoCqlzX7Q8ZUWWls4hX59ryYuu0t7Hwrnfk796OxP/vgIJaqxdltd/oEvQ==

antlr4ng@^3.0.16:
  version "3.0.16"
  resolved "https://registry.npmjs.org/antlr4ng/-/antlr4ng-3.0.16.tgz"
  integrity sha512-DQuJkC7kX3xunfF4K2KsWTSvoxxslv+FQp/WHQZTJSsH2Ec3QfFmrxC3Nky2ok9yglXn6nHM4zUaVDxcN5f6kA==

antlr4ts@^0.5.0-alpha.4:
  version "0.5.0-alpha.4"
  resolved "https://registry.npmjs.org/antlr4ts/-/antlr4ts-0.5.0-alpha.4.tgz"
  integrity sha512-WPQDt1B74OfPv/IMS2ekXAKkTZIHl88uMetg6q3OTqgFxZ/dxDXI0EWLyZid/1Pe6hTftyg5N7gel5wNAGxXyQ==

buffer-from@^1.0.0:
  version "1.1.2"
  resolved "https://registry.npmjs.org/buffer-from/-/buffer-from-1.1.2.tgz"
  integrity sha512-E+XQCRwSbaaiChtv6k6Dwgc+bx+Bs6vuKJHHl5kox/BaKbhiXzqQOwK4cO22yElGp2OCmjwVhT3HmxgyPGnJfQ==

commander@^2.20.0:
  version "2.20.3"
  resolved "https://registry.npmjs.org/commander/-/commander-2.20.3.tgz"
  integrity sha512-GpVkmM8vF2vQUkj2LvZmD35JxeJOLCwJ9cUkugyk2nuhbv3+mJvpLYYt+0+USMxE+oj+ey/lJEnhZw75x/OMcQ==

"conductor@https://github.com/source-academy/conductor.git#0.2.1":
  version "0.2.1"
  resolved "https://github.com/source-academy/conductor.git#87d66823699946b9c0ed7c79aabe053b4a67b8b6"

deepmerge@^4.2.2:
  version "4.3.1"
  resolved "https://registry.npmjs.org/deepmerge/-/deepmerge-4.3.1.tgz"
  integrity sha512-3sUqbMEc77XqpdNO7FRyRog+eW3ph+GYCbj+rK+uYyRMuwsVy0rMiVtPn+QJlKFvWP/1PYpapqYn0Me2knFn+A==

estree-walker@^2.0.2:
  version "2.0.2"
  resolved "https://registry.npmjs.org/estree-walker/-/estree-walker-2.0.2.tgz"
  integrity sha512-Rfkk/Mp/DL7JVje3u18FxFujQlTNR2q6QfMSMB7AvCBx91NGj/ba3kCfza0f6dVDbw7YlRf/nDrn7pQrCCyQ/w==

fsevents@~2.3.2:
  version "2.3.3"
  resolved "https://registry.yarnpkg.com/fsevents/-/fsevents-2.3.3.tgz#cac6407785d03675a2a5e1a5305c697b347d90d6"
  integrity sha512-5xoDfX+fL7faATnagmWPpbFtwh/R77WmMMqqHGS65C3vvB0YHrgF+B1YmZ3441tMj5n63k0212XNoJwzlhffQw==

function-bind@^1.1.2:
  version "1.1.2"
  resolved "https://registry.npmjs.org/function-bind/-/function-bind-1.1.2.tgz"
  integrity sha512-7XHNxH7qX9xG5mIwxkhumTox/MIRNcOgDrxWsMt2pAr23WHp6MrRlN7FBSFpCpr+oVO0F744iUgR82nJMfG2SA==

hasown@^2.0.2:
  version "2.0.2"
  resolved "https://registry.npmjs.org/hasown/-/hasown-2.0.2.tgz"
  integrity sha512-0hJU9SCPvmMzIBdZFqNPXWa6dqh7WdH0cII9y+CyS8rG3nL48Bclra9HmKhVVUHyPWNH5Y7xDwAB7bfgSjkUMQ==
  dependencies:
    function-bind "^1.1.2"

is-core-module@^2.16.0:
  version "2.16.1"
  resolved "https://registry.npmjs.org/is-core-module/-/is-core-module-2.16.1.tgz"
  integrity sha512-UfoeMA6fIJ8wTYFEUjelnaGI67v6+N7qXJEvQuIGa99l4xsCruSYOVSQ0uPANn4dAzm8lkYPaKLrrijLq7x23w==
  dependencies:
    hasown "^2.0.2"

is-module@^1.0.0:
  version "1.0.0"
  resolved "https://registry.npmjs.org/is-module/-/is-module-1.0.0.tgz"
  integrity sha512-51ypPSPCoTEIN9dy5Oy+h4pShgJmPCygKfyRCISBI+JoWT/2oJvK8QPxmwv7b/p239jXrm9M1mlQbyKJ5A152g==

path-parse@^1.0.7:
  version "1.0.7"
  resolved "https://registry.npmjs.org/path-parse/-/path-parse-1.0.7.tgz"
  integrity sha512-LDJzPVEEEPR+y48z93A0Ed0yXb8pAByGWo/k5YYdYgpY2/2EsOsksJrq7lOHxryrVOn1ejG6oAp8ahvOIQD8sw==

picomatch@^4.0.2:
  version "4.0.2"
  resolved "https://registry.npmjs.org/picomatch/-/picomatch-4.0.2.tgz"
  integrity sha512-M7BAV6Rlcy5u+m6oPhAPFgJTzAioX/6B0DxyvDlo9l8+T3nLKbrczg2WLUyzd45L8RqfUMyGPzekbMvX2Ldkwg==

randombytes@^2.1.0:
  version "2.1.0"
  resolved "https://registry.npmjs.org/randombytes/-/randombytes-2.1.0.tgz"
  integrity sha512-vYl3iOX+4CKUWuxGi9Ukhie6fsqXqS9FE2Zaic4tNFD2N2QQaXOMFbuKK4QmDHC0JO6B1Zp41J0LpT0oR68amQ==
  dependencies:
    safe-buffer "^5.1.0"

resolve@^1.22.1:
  version "1.22.10"
  resolved "https://registry.npmjs.org/resolve/-/resolve-1.22.10.tgz"
  integrity sha512-NPRy+/ncIMeDlTAsuqwKIiferiawhefFJtkNSW0qZJEqMEb+qBt/77B/jGeeek+F0uOeN05CDa6HXbbIgtVX4w==
  dependencies:
    is-core-module "^2.16.0"
    path-parse "^1.0.7"
    supports-preserve-symlinks-flag "^1.0.0"

rollup@^4.34.1:
  version "4.36.0"
  resolved "https://registry.npmjs.org/rollup/-/rollup-4.36.0.tgz"
  integrity sha512-zwATAXNQxUcd40zgtQG0ZafcRK4g004WtEl7kbuhTWPvf07PsfohXl39jVUvPF7jvNAIkKPQ2XrsDlWuxBd++Q==
  dependencies:
    "@types/estree" "1.0.6"
  optionalDependencies:
    "@rollup/rollup-android-arm-eabi" "4.36.0"
    "@rollup/rollup-android-arm64" "4.36.0"
    "@rollup/rollup-darwin-arm64" "4.36.0"
    "@rollup/rollup-darwin-x64" "4.36.0"
    "@rollup/rollup-freebsd-arm64" "4.36.0"
    "@rollup/rollup-freebsd-x64" "4.36.0"
    "@rollup/rollup-linux-arm-gnueabihf" "4.36.0"
    "@rollup/rollup-linux-arm-musleabihf" "4.36.0"
    "@rollup/rollup-linux-arm64-gnu" "4.36.0"
    "@rollup/rollup-linux-arm64-musl" "4.36.0"
    "@rollup/rollup-linux-loongarch64-gnu" "4.36.0"
    "@rollup/rollup-linux-powerpc64le-gnu" "4.36.0"
    "@rollup/rollup-linux-riscv64-gnu" "4.36.0"
    "@rollup/rollup-linux-s390x-gnu" "4.36.0"
    "@rollup/rollup-linux-x64-gnu" "4.36.0"
    "@rollup/rollup-linux-x64-musl" "4.36.0"
    "@rollup/rollup-win32-arm64-msvc" "4.36.0"
    "@rollup/rollup-win32-ia32-msvc" "4.36.0"
    "@rollup/rollup-win32-x64-msvc" "4.36.0"
    fsevents "~2.3.2"

safe-buffer@^5.1.0:
  version "5.2.1"
  resolved "https://registry.npmjs.org/safe-buffer/-/safe-buffer-5.2.1.tgz"
  integrity sha512-rp3So07KcdmmKbGvgaNxQSJr7bGVSVk5S9Eq1F+ppbRo70+YeaDxkw5Dd8NPN+GD6bjnYm2VuPuCXmpuYvmCXQ==

serialize-javascript@^6.0.1:
  version "6.0.2"
  resolved "https://registry.npmjs.org/serialize-javascript/-/serialize-javascript-6.0.2.tgz"
  integrity sha512-Saa1xPByTTq2gdeFZYLLo+RFE35NHZkAbqZeWNd3BpzppeVisAqpDjcp8dyf6uIvEqJRd46jemmyA4iFIeVk8g==
  dependencies:
    randombytes "^2.1.0"

smob@^1.0.0:
  version "1.5.0"
  resolved "https://registry.npmjs.org/smob/-/smob-1.5.0.tgz"
  integrity sha512-g6T+p7QO8npa+/hNx9ohv1E5pVCmWrVCUzUXJyLdMmftX6ER0oiWY/w9knEonLpnOp6b6FenKnMfR8gqwWdwig==

source-map-support@~0.5.20:
  version "0.5.21"
  resolved "https://registry.npmjs.org/source-map-support/-/source-map-support-0.5.21.tgz"
  integrity sha512-uBHU3L3czsIyYXKX88fdrGovxdSCoTGDRZ6SYXtSRxLZUzHg5P/66Ht6uoUlHu9EZod+inXhKo3qQgwXUT/y1w==
  dependencies:
    buffer-from "^1.0.0"
    source-map "^0.6.0"

source-map@^0.6.0:
  version "0.6.1"
  resolved "https://registry.npmjs.org/source-map/-/source-map-0.6.1.tgz"
  integrity sha512-UjgapumWlbMhkBgzT7Ykc5YXUT46F0iKu8SGXq0bcwP5dz/h0Plj6enJqjz1Zbq2l5WaqYnrVbwWOWMyF3F47g==

supports-preserve-symlinks-flag@^1.0.0:
  version "1.0.0"
  resolved "https://registry.npmjs.org/supports-preserve-symlinks-flag/-/supports-preserve-symlinks-flag-1.0.0.tgz"
  integrity sha512-ot0WnXS9fgdkgIcePe6RHNk1WA8+muPa6cSjeR3V8K27q9BB1rTE3R1p7Hv0z1ZyAc8s6Vvv8DIyWf681MAt0w==

terser@^5.17.4:
  version "5.39.0"
  resolved "https://registry.npmjs.org/terser/-/terser-5.39.0.tgz"
  integrity sha512-LBAhFyLho16harJoWMg/nZsQYgTrg5jXOn2nCYjRUcZZEdE3qa2zb8QEDRUGVZBW4rlazf2fxkg8tztybTaqWw==
  dependencies:
    "@jridgewell/source-map" "^0.3.3"
    acorn "^8.8.2"
    commander "^2.20.0"
    source-map-support "~0.5.20"

tslib@^2.8.1:
  version "2.8.1"
  resolved "https://registry.npmjs.org/tslib/-/tslib-2.8.1.tgz"
  integrity sha512-oJFu94HQb+KVduSUQL7wnpmqnfmLsOA/nAh6b6EH0wCEoK0/mPeXU6c3wKDV83MkOuHPRHtSXKKU99IBazS/2w==

typescript@^5.5.3:
  version "5.8.2"
  resolved "https://registry.npmjs.org/typescript/-/typescript-5.8.2.tgz"
  integrity sha512-aJn6wq13/afZp/jT9QZmwEjDqqvSGp1VT5GVg+f/t6/oVyrgXM6BY1h9BRh/O5p3PlUPAe+WuiEZOmb/49RqoQ==

undici-types@~6.20.0:
  version "6.20.0"
  resolved "https://registry.npmjs.org/undici-types/-/undici-types-6.20.0.tgz"
  integrity sha512-Ny6QZ2Nju20vw1SRHe3d9jVu6gJ+4e3+MMpqu7pqE5HT6WsTSlce++GQmK5UXS8mzV8DSYHrQH+Xrf2jVcuKNg==
